
Microsoft Visual Studio Solution File, Format Version 12.00
# Visual Studio 14
VisualStudioVersion = 14.0.25420.1
MinimumVisualStudioVersion = 10.0.40219.1
Project("{FAE04EC0-301F-11D3-BF4B-00C04F79EFBC}") = "Server", "Server\Server.csproj", "{97388924-454A-43EE-9229-D549872C19D1}"
EndProject
Project("{FAE04EC0-301F-11D3-BF4B-00C04F79EFBC}") = "Client", "Client\Client.csproj", "{63B5FB1D-C0C5-4F6C-8CF1-F7BB954756D8}"
EndProject
Project("{FAE04EC0-301F-11D3-BF4B-00C04F79EFBC}") = "VincentTran", "..\..\..\CodeC#\TEST_IO\VincentTran\VincentTran.csproj", "{941F114E-D3A7-48EE-ABCE-8A23FF57C8A4}"
EndProject
Global
	GlobalSection(SolutionConfigurationPlatforms) = preSolution
		Debug|Any CPU = Debug|Any CPU
		Release|Any CPU = Release|Any CPU
	EndGlobalSection
	GlobalSection(ProjectConfigurationPlatforms) = postSolution
		{97388924-454A-43EE-9229-D549872C19D1}.Debug|Any CPU.ActiveCfg = Debug|Any CPU
		{97388924-454A-43EE-9229-D549872C19D1}.Debug|Any CPU.Build.0 = Debug|Any CPU
		{97388924-454A-43EE-9229-D549872C19D1}.Release|Any CPU.ActiveCfg = Release|Any CPU
		{97388924-454A-43EE-9229-D549872C19D1}.Release|Any CPU.Build.0 = Release|Any CPU
		{63B5FB1D-C0C5-4F6C-8CF1-F7BB954756D8}.Debug|Any CPU.ActiveCfg = Debug|Any CPU
		{63B5FB1D-C0C5-4F6C-8CF1-F7BB954756D8}.Debug|Any CPU.Build.0 = Debug|Any CPU
		{63B5FB1D-C0C5-4F6C-8CF1-F7BB954756D8}.Release|Any CPU.ActiveCfg = Release|Any CPU
		{63B5FB1D-C0C5-4F6C-8CF1-F7BB954756D8}.Release|Any CPU.Build.0 = Release|Any CPU
		{941F114E-D3A7-48EE-ABCE-8A23FF57C8A4}.Debug|Any CPU.ActiveCfg = Debug|Any CPU
		{941F114E-D3A7-48EE-ABCE-8A23FF57C8A4}.Debug|Any CPU.Build.0 = Debug|Any CPU
		{941F114E-D3A7-48EE-ABCE-8A23FF57C8A4}.Release|Any CPU.ActiveCfg = Release|Any CPU
		{941F114E-D3A7-48EE-ABCE-8A23FF57C8A4}.Release|Any CPU.Build.0 = Release|Any CPU
	EndGlobalSection
	GlobalSection(SolutionProperties) = preSolution
		HideSolutionNode = FALSE
	EndGlobalSection
EndGlobal
